// !$*UTF8*$!
{
	archiveVersion = 1;
	classes = {
	};
	objectVersion = 48;
	objects = {

/* Begin PBXBuildFile section */
		B05E956721002F5B007420B5 /* AppDelegate.swift in Sources */ = {isa = PBXBuildFile; fileRef = B05E956621002F5B007420B5 /* AppDelegate.swift */; };
		B05E956921002F5B007420B5 /* MainViewController.swift in Sources */ = {isa = PBXBuildFile; fileRef = B05E956821002F5B007420B5 /* MainViewController.swift */; };
		B05E956C21002F5B007420B5 /* Main.storyboard in Resources */ = {isa = PBXBuildFile; fileRef = B05E956A21002F5B007420B5 /* Main.storyboard */; };
		B05E956F21002F5B007420B5 /* contactsApp.xcdatamodeld in Sources */ = {isa = PBXBuildFile; fileRef = B05E956D21002F5B007420B5 /* contactsApp.xcdatamodeld */; };
		B05E957121002F5B007420B5 /* Assets.xcassets in Resources */ = {isa = PBXBuildFile; fileRef = B05E957021002F5B007420B5 /* Assets.xcassets */; };
		B05E957421002F5B007420B5 /* LaunchScreen.storyboard in Resources */ = {isa = PBXBuildFile; fileRef = B05E957221002F5B007420B5 /* LaunchScreen.storyboard */; };
		B05E957E21004245007420B5 /* ContactController.swift in Sources */ = {isa = PBXBuildFile; fileRef = B05E957D21004245007420B5 /* ContactController.swift */; };
		B05E958121004281007420B5 /* PersonalCell.swift in Sources */ = {isa = PBXBuildFile; fileRef = B05E958021004281007420B5 /* PersonalCell.swift */; };
		B05E95832100428E007420B5 /* ContactCell.swift in Sources */ = {isa = PBXBuildFile; fileRef = B05E95822100428E007420B5 /* ContactCell.swift */; };
		B05E9585210042A3007420B5 /* ContactExpandedCell.swift in Sources */ = {isa = PBXBuildFile; fileRef = B05E9584210042A3007420B5 /* ContactExpandedCell.swift */; };
		B05E9587210042CC007420B5 /* PlatformCell.swift in Sources */ = {isa = PBXBuildFile; fileRef = B05E9586210042CC007420B5 /* PlatformCell.swift */; };
		B05E9589210042FA007420B5 /* MainViewModel.swift in Sources */ = {isa = PBXBuildFile; fileRef = B05E9588210042FA007420B5 /* MainViewModel.swift */; };
		B05E958B21004309007420B5 /* ContactViewModel.swift in Sources */ = {isa = PBXBuildFile; fileRef = B05E958A21004309007420B5 /* ContactViewModel.swift */; };
		B05E958D21004F0F007420B5 /* ScannerController.swift in Sources */ = {isa = PBXBuildFile; fileRef = B05E958C21004F0F007420B5 /* ScannerController.swift */; };
		B060533C2101674D0035EB5F /* EditController.swift in Sources */ = {isa = PBXBuildFile; fileRef = B060533B2101674D0035EB5F /* EditController.swift */; };
		B060533F2101C38D0035EB5F /* EditViewModel.swift in Sources */ = {isa = PBXBuildFile; fileRef = B060533E2101C38D0035EB5F /* EditViewModel.swift */; };
		B06053412101C9CA0035EB5F /* Structs.swift in Sources */ = {isa = PBXBuildFile; fileRef = B06053402101C9CA0035EB5F /* Structs.swift */; };
		B06053432103B7220035EB5F /* GenerateController.swift in Sources */ = {isa = PBXBuildFile; fileRef = B06053422103B7220035EB5F /* GenerateController.swift */; };
		B06053462103BFED0035EB5F /* ScannerViewModel.swift in Sources */ = {isa = PBXBuildFile; fileRef = B06053452103BFED0035EB5F /* ScannerViewModel.swift */; };
		B060534921068F0A0035EB5F /* Utilities.swift in Sources */ = {isa = PBXBuildFile; fileRef = B060534821068F0A0035EB5F /* Utilities.swift */; };
		B0605352210804980035EB5F /* QRViewController.swift in Sources */ = {isa = PBXBuildFile; fileRef = B0605351210804980035EB5F /* QRViewController.swift */; };
/* End PBXBuildFile section */

/* Begin PBXFileReference section */
		B05E956321002F5B007420B5 /* contactsApp.app */ = {isa = PBXFileReference; explicitFileType = wrapper.application; includeInIndex = 0; path = contactsApp.app; sourceTree = BUILT_PRODUCTS_DIR; };
		B05E956621002F5B007420B5 /* AppDelegate.swift */ = {isa = PBXFileReference; lastKnownFileType = sourcecode.swift; path = AppDelegate.swift; sourceTree = "<group>"; };
		B05E956821002F5B007420B5 /* MainViewController.swift */ = {isa = PBXFileReference; lastKnownFileType = sourcecode.swift; path = MainViewController.swift; sourceTree = "<group>"; };
		B05E956B21002F5B007420B5 /* Base */ = {isa = PBXFileReference; lastKnownFileType = file.storyboard; name = Base; path = Base.lproj/Main.storyboard; sourceTree = "<group>"; };
		B05E956E21002F5B007420B5 /* contactsApp.xcdatamodel */ = {isa = PBXFileReference; lastKnownFileType = wrapper.xcdatamodel; path = contactsApp.xcdatamodel; sourceTree = "<group>"; };
		B05E957021002F5B007420B5 /* Assets.xcassets */ = {isa = PBXFileReference; lastKnownFileType = folder.assetcatalog; path = Assets.xcassets; sourceTree = "<group>"; };
		B05E957321002F5B007420B5 /* Base */ = {isa = PBXFileReference; lastKnownFileType = file.storyboard; name = Base; path = Base.lproj/LaunchScreen.storyboard; sourceTree = "<group>"; };
		B05E957521002F5B007420B5 /* Info.plist */ = {isa = PBXFileReference; lastKnownFileType = text.plist.xml; path = Info.plist; sourceTree = "<group>"; };
		B05E957D21004245007420B5 /* ContactController.swift */ = {isa = PBXFileReference; lastKnownFileType = sourcecode.swift; path = ContactController.swift; sourceTree = "<group>"; };
		B05E958021004281007420B5 /* PersonalCell.swift */ = {isa = PBXFileReference; lastKnownFileType = sourcecode.swift; path = PersonalCell.swift; sourceTree = "<group>"; };
		B05E95822100428E007420B5 /* ContactCell.swift */ = {isa = PBXFileReference; lastKnownFileType = sourcecode.swift; path = ContactCell.swift; sourceTree = "<group>"; };
		B05E9584210042A3007420B5 /* ContactExpandedCell.swift */ = {isa = PBXFileReference; lastKnownFileType = sourcecode.swift; path = ContactExpandedCell.swift; sourceTree = "<group>"; };
		B05E9586210042CC007420B5 /* PlatformCell.swift */ = {isa = PBXFileReference; lastKnownFileType = sourcecode.swift; path = PlatformCell.swift; sourceTree = "<group>"; };
		B05E9588210042FA007420B5 /* MainViewModel.swift */ = {isa = PBXFileReference; lastKnownFileType = sourcecode.swift; path = MainViewModel.swift; sourceTree = "<group>"; };
		B05E958A21004309007420B5 /* ContactViewModel.swift */ = {isa = PBXFileReference; lastKnownFileType = sourcecode.swift; path = ContactViewModel.swift; sourceTree = "<group>"; };
		B05E958C21004F0F007420B5 /* ScannerController.swift */ = {isa = PBXFileReference; lastKnownFileType = sourcecode.swift; path = ScannerController.swift; sourceTree = "<group>"; };
		B060533B2101674D0035EB5F /* EditController.swift */ = {isa = PBXFileReference; lastKnownFileType = sourcecode.swift; path = EditController.swift; sourceTree = "<group>"; };
		B060533E2101C38D0035EB5F /* EditViewModel.swift */ = {isa = PBXFileReference; lastKnownFileType = sourcecode.swift; path = EditViewModel.swift; sourceTree = "<group>"; };
		B06053402101C9CA0035EB5F /* Structs.swift */ = {isa = PBXFileReference; lastKnownFileType = sourcecode.swift; path = Structs.swift; sourceTree = "<group>"; };
		B06053422103B7220035EB5F /* GenerateController.swift */ = {isa = PBXFileReference; lastKnownFileType = sourcecode.swift; path = GenerateController.swift; sourceTree = "<group>"; };
		B06053452103BFED0035EB5F /* ScannerViewModel.swift */ = {isa = PBXFileReference; lastKnownFileType = sourcecode.swift; path = ScannerViewModel.swift; sourceTree = "<group>"; };
		B060534821068F0A0035EB5F /* Utilities.swift */ = {isa = PBXFileReference; lastKnownFileType = sourcecode.swift; path = Utilities.swift; sourceTree = "<group>"; };
		B0605351210804980035EB5F /* QRViewController.swift */ = {isa = PBXFileReference; lastKnownFileType = sourcecode.swift; path = QRViewController.swift; sourceTree = "<group>"; };
/* End PBXFileReference section */

/* Begin PBXFrameworksBuildPhase section */
		B05E956021002F5B007420B5 /* Frameworks */ = {
			isa = PBXFrameworksBuildPhase;
			buildActionMask = 2147483647;
			files = (
			);
			runOnlyForDeploymentPostprocessing = 0;
		};
/* End PBXFrameworksBuildPhase section */

/* Begin PBXGroup section */
		B05E955A21002F5B007420B5 = {
			isa = PBXGroup;
			children = (
				B05E956521002F5B007420B5 /* contactsApp */,
				B05E956421002F5B007420B5 /* Products */,
			);
			sourceTree = "<group>";
		};
		B05E956421002F5B007420B5 /* Products */ = {
			isa = PBXGroup;
			children = (
				B05E956321002F5B007420B5 /* contactsApp.app */,
			);
			name = Products;
			sourceTree = "<group>";
		};
		B05E956521002F5B007420B5 /* contactsApp */ = {
			isa = PBXGroup;
			children = (
				B05E957B21002F87007420B5 /* AppManager */,
				B0605350210804840035EB5F /* QRView */,
				B06053442103B7260035EB5F /* GenerateView */,
				B060533D210167530035EB5F /* EditView */,
				B05E957C21002FB2007420B5 /* MainView */,
				B05E958E21004F13007420B5 /* ScannerView */,
				B05E957F2100424B007420B5 /* ContactView */,
				B060534721068EDD0035EB5F /* Utilities */,
				B05E956A21002F5B007420B5 /* Main.storyboard */,
				B05E957221002F5B007420B5 /* LaunchScreen.storyboard */,
				B05E957521002F5B007420B5 /* Info.plist */,
				B05E956D21002F5B007420B5 /* contactsApp.xcdatamodeld */,
			);
			path = contactsApp;
			sourceTree = "<group>";
		};
		B05E957B21002F87007420B5 /* AppManager */ = {
			isa = PBXGroup;
			children = (
				B05E956621002F5B007420B5 /* AppDelegate.swift */,
				B05E957021002F5B007420B5 /* Assets.xcassets */,
			);
			path = AppManager;
			sourceTree = "<group>";
		};
		B05E957C21002FB2007420B5 /* MainView */ = {
			isa = PBXGroup;
			children = (
				B05E956821002F5B007420B5 /* MainViewController.swift */,
				B05E9588210042FA007420B5 /* MainViewModel.swift */,
				B05E958021004281007420B5 /* PersonalCell.swift */,
				B05E95822100428E007420B5 /* ContactCell.swift */,
			);
			path = MainView;
			sourceTree = "<group>";
		};
		B05E957F2100424B007420B5 /* ContactView */ = {
			isa = PBXGroup;
			children = (
				B05E957D21004245007420B5 /* ContactController.swift */,
				B05E958A21004309007420B5 /* ContactViewModel.swift */,
				B05E9584210042A3007420B5 /* ContactExpandedCell.swift */,
				B05E9586210042CC007420B5 /* PlatformCell.swift */,
			);
			path = ContactView;
			sourceTree = "<group>";
		};
		B05E958E21004F13007420B5 /* ScannerView */ = {
			isa = PBXGroup;
			children = (
				B05E958C21004F0F007420B5 /* ScannerController.swift */,
				B06053452103BFED0035EB5F /* ScannerViewModel.swift */,
			);
			path = ScannerView;
			sourceTree = "<group>";
		};
		B060533D210167530035EB5F /* EditView */ = {
			isa = PBXGroup;
			children = (
				B060533B2101674D0035EB5F /* EditController.swift */,
				B060533E2101C38D0035EB5F /* EditViewModel.swift */,
			);
			path = EditView;
			sourceTree = "<group>";
		};
		B06053442103B7260035EB5F /* GenerateView */ = {
			isa = PBXGroup;
			children = (
				B06053422103B7220035EB5F /* GenerateController.swift */,
			);
			path = GenerateView;
			sourceTree = "<group>";
		};
		B060534721068EDD0035EB5F /* Utilities */ = {
			isa = PBXGroup;
			children = (
				B06053402101C9CA0035EB5F /* Structs.swift */,
				B060534821068F0A0035EB5F /* Utilities.swift */,
			);
			path = Utilities;
			sourceTree = "<group>";
		};
		B0605350210804840035EB5F /* QRView */ = {
			isa = PBXGroup;
			children = (
				B0605351210804980035EB5F /* QRViewController.swift */,
			);
			path = QRView;
			sourceTree = "<group>";
		};
/* End PBXGroup section */

/* Begin PBXNativeTarget section */
		B05E956221002F5B007420B5 /* contactsApp */ = {
			isa = PBXNativeTarget;
			buildConfigurationList = B05E957821002F5B007420B5 /* Build configuration list for PBXNativeTarget "contactsApp" */;
			buildPhases = (
				B05E955F21002F5B007420B5 /* Sources */,
				B05E956021002F5B007420B5 /* Frameworks */,
				B05E956121002F5B007420B5 /* Resources */,
			);
			buildRules = (
			);
			dependencies = (
			);
			name = contactsApp;
			productName = contactsApp;
			productReference = B05E956321002F5B007420B5 /* contactsApp.app */;
			productType = "com.apple.product-type.application";
		};
/* End PBXNativeTarget section */

/* Begin PBXProject section */
		B05E955B21002F5B007420B5 /* Project object */ = {
			isa = PBXProject;
			attributes = {
				LastSwiftUpdateCheck = 0920;
				LastUpgradeCheck = 0940;
				ORGANIZATIONNAME = Enthusio;
				TargetAttributes = {
					B05E956221002F5B007420B5 = {
						CreatedOnToolsVersion = 9.2;
						ProvisioningStyle = Automatic;
					};
				};
			};
			buildConfigurationList = B05E955E21002F5B007420B5 /* Build configuration list for PBXProject "contactsApp" */;
			compatibilityVersion = "Xcode 8.0";
			developmentRegion = en;
			hasScannedForEncodings = 0;
			knownRegions = (
				en,
				Base,
			);
			mainGroup = B05E955A21002F5B007420B5;
			productRefGroup = B05E956421002F5B007420B5 /* Products */;
			projectDirPath = "";
			projectRoot = "";
			targets = (
				B05E956221002F5B007420B5 /* contactsApp */,
			);
		};
/* End PBXProject section */

/* Begin PBXResourcesBuildPhase section */
		B05E956121002F5B007420B5 /* Resources */ = {
			isa = PBXResourcesBuildPhase;
			buildActionMask = 2147483647;
			files = (
				B05E957421002F5B007420B5 /* LaunchScreen.storyboard in Resources */,
				B05E957121002F5B007420B5 /* Assets.xcassets in Resources */,
				B05E956C21002F5B007420B5 /* Main.storyboard in Resources */,
			);
			runOnlyForDeploymentPostprocessing = 0;
		};
/* End PBXResourcesBuildPhase section */

/* Begin PBXSourcesBuildPhase section */
		B05E955F21002F5B007420B5 /* Sources */ = {
			isa = PBXSourcesBuildPhase;
			buildActionMask = 2147483647;
			files = (
				B05E9585210042A3007420B5 /* ContactExpandedCell.swift in Sources */,
				B060533C2101674D0035EB5F /* EditController.swift in Sources */,
				B05E95832100428E007420B5 /* ContactCell.swift in Sources */,
				B05E9587210042CC007420B5 /* PlatformCell.swift in Sources */,
				B05E956921002F5B007420B5 /* MainViewController.swift in Sources */,
				B0605352210804980035EB5F /* QRViewController.swift in Sources */,
				B05E958121004281007420B5 /* PersonalCell.swift in Sources */,
				B05E956721002F5B007420B5 /* AppDelegate.swift in Sources */,
				B06053462103BFED0035EB5F /* ScannerViewModel.swift in Sources */,
				B06053432103B7220035EB5F /* GenerateController.swift in Sources */,
				B05E957E21004245007420B5 /* ContactController.swift in Sources */,
				B060534921068F0A0035EB5F /* Utilities.swift in Sources */,
				B05E958B21004309007420B5 /* ContactViewModel.swift in Sources */,
				B05E958D21004F0F007420B5 /* ScannerController.swift in Sources */,
				B06053412101C9CA0035EB5F /* Structs.swift in Sources */,
				B05E956F21002F5B007420B5 /* contactsApp.xcdatamodeld in Sources */,
				B060533F2101C38D0035EB5F /* EditViewModel.swift in Sources */,
				B05E9589210042FA007420B5 /* MainViewModel.swift in Sources */,
			);
			runOnlyForDeploymentPostprocessing = 0;
		};
/* End PBXSourcesBuildPhase section */

/* Begin PBXVariantGroup section */
		B05E956A21002F5B007420B5 /* Main.storyboard */ = {
			isa = PBXVariantGroup;
			children = (
				B05E956B21002F5B007420B5 /* Base */,
			);
			name = Main.storyboard;
			sourceTree = "<group>";
		};
		B05E957221002F5B007420B5 /* LaunchScreen.storyboard */ = {
			isa = PBXVariantGroup;
			children = (
				B05E957321002F5B007420B5 /* Base */,
			);
			name = LaunchScreen.storyboard;
			sourceTree = "<group>";
		};
/* End PBXVariantGroup section */

/* Begin XCBuildConfiguration section */
		B05E957621002F5B007420B5 /* Debug */ = {
			isa = XCBuildConfiguration;
			buildSettings = {
				ALWAYS_SEARCH_USER_PATHS = NO;
				CLANG_ANALYZER_NONNULL = YES;
				CLANG_ANALYZER_NUMBER_OBJECT_CONVERSION = YES_AGGRESSIVE;
				CLANG_CXX_LANGUAGE_STANDARD = "gnu++14";
				CLANG_CXX_LIBRARY = "libc++";
				CLANG_ENABLE_MODULES = YES;
				CLANG_ENABLE_OBJC_ARC = YES;
				CLANG_WARN_BLOCK_CAPTURE_AUTORELEASING = YES;
				CLANG_WARN_BOOL_CONVERSION = YES;
				CLANG_WARN_COMMA = YES;
				CLANG_WARN_CONSTANT_CONVERSION = YES;
				CLANG_WARN_DEPRECATED_OBJC_IMPLEMENTATIONS = YES;
				CLANG_WARN_DIRECT_OBJC_ISA_USAGE = YES_ERROR;
				CLANG_WARN_DOCUMENTATION_COMMENTS = YES;
				CLANG_WARN_EMPTY_BODY = YES;
				CLANG_WARN_ENUM_CONVERSION = YES;
				CLANG_WARN_INFINITE_RECURSION = YES;
				CLANG_WARN_INT_CONVERSION = YES;
				CLANG_WARN_NON_LITERAL_NULL_CONVERSION = YES;
				CLANG_WARN_OBJC_IMPLICIT_RETAIN_SELF = YES;
				CLANG_WARN_OBJC_LITERAL_CONVERSION = YES;
				CLANG_WARN_OBJC_ROOT_CLASS = YES_ERROR;
				CLANG_WARN_RANGE_LOOP_ANALYSIS = YES;
				CLANG_WARN_STRICT_PROTOTYPES = YES;
				CLANG_WARN_SUSPICIOUS_MOVE = YES;
				CLANG_WARN_UNGUARDED_AVAILABILITY = YES_AGGRESSIVE;
				CLANG_WARN_UNREACHABLE_CODE = YES;
				CLANG_WARN__DUPLICATE_METHOD_MATCH = YES;
				CODE_SIGN_IDENTITY = "iPhone Developer";
				COPY_PHASE_STRIP = NO;
				DEBUG_INFORMATION_FORMAT = dwarf;
				ENABLE_STRICT_OBJC_MSGSEND = YES;
				ENABLE_TESTABILITY = YES;
				GCC_C_LANGUAGE_STANDARD = gnu11;
				GCC_DYNAMIC_NO_PIC = NO;
				GCC_NO_COMMON_BLOCKS = YES;
				GCC_OPTIMIZATION_LEVEL = 0;
				GCC_PREPROCESSOR_DEFINITIONS = (
					"DEBUG=1",
					"$(inherited)",
				);
				GCC_WARN_64_TO_32_BIT_CONVERSION = YES;
				GCC_WARN_ABOUT_RETURN_TYPE = YES_ERROR;
				GCC_WARN_UNDECLARED_SELECTOR = YES;
				GCC_WARN_UNINITIALIZED_AUTOS = YES_AGGRESSIVE;
				GCC_WARN_UNUSED_FUNCTION = YES;
				GCC_WARN_UNUSED_VARIABLE = YES;
				IPHONEOS_DEPLOYMENT_TARGET = 11.2;
				MTL_ENABLE_DEBUG_INFO = YES;
				ONLY_ACTIVE_ARCH = YES;
				SDKROOT = iphoneos;
				SWIFT_ACTIVE_COMPILATION_CONDITIONS = DEBUG;
				SWIFT_OPTIMIZATION_LEVEL = "-Onone";
			};
			name = Debug;
		};
		B05E957721002F5B007420B5 /* Release */ = {
			isa = XCBuildConfiguration;
			buildSettings = {
				ALWAYS_SEARCH_USER_PATHS = NO;
				CLANG_ANALYZER_NONNULL = YES;
				CLANG_ANALYZER_NUMBER_OBJECT_CONVERSION = YES_AGGRESSIVE;
				CLANG_CXX_LANGUAGE_STANDARD = "gnu++14";
				CLANG_CXX_LIBRARY = "libc++";
				CLANG_ENABLE_MODULES = YES;
				CLANG_ENABLE_OBJC_ARC = YES;
				CLANG_WARN_BLOCK_CAPTURE_AUTORELEASING = YES;
				CLANG_WARN_BOOL_CONVERSION = YES;
				CLANG_WARN_COMMA = YES;
				CLANG_WARN_CONSTANT_CONVERSION = YES;
				CLANG_WARN_DEPRECATED_OBJC_IMPLEMENTATIONS = YES;
				CLANG_WARN_DIRECT_OBJC_ISA_USAGE = YES_ERROR;
				CLANG_WARN_DOCUMENTATION_COMMENTS = YES;
				CLANG_WARN_EMPTY_BODY = YES;
				CLANG_WARN_ENUM_CONVERSION = YES;
				CLANG_WARN_INFINITE_RECURSION = YES;
				CLANG_WARN_INT_CONVERSION = YES;
				CLANG_WARN_NON_LITERAL_NULL_CONVERSION = YES;
				CLANG_WARN_OBJC_IMPLICIT_RETAIN_SELF = YES;
				CLANG_WARN_OBJC_LITERAL_CONVERSION = YES;
				CLANG_WARN_OBJC_ROOT_CLASS = YES_ERROR;
				CLANG_WARN_RANGE_LOOP_ANALYSIS = YES;
				CLANG_WARN_STRICT_PROTOTYPES = YES;
				CLANG_WARN_SUSPICIOUS_MOVE = YES;
				CLANG_WARN_UNGUARDED_AVAILABILITY = YES_AGGRESSIVE;
				CLANG_WARN_UNREACHABLE_CODE = YES;
				CLANG_WARN__DUPLICATE_METHOD_MATCH = YES;
				CODE_SIGN_IDENTITY = "iPhone Developer";
				COPY_PHASE_STRIP = NO;
				DEBUG_INFORMATION_FORMAT = "dwarf-with-dsym";
				ENABLE_NS_ASSERTIONS = NO;
				ENABLE_STRICT_OBJC_MSGSEND = YES;
				GCC_C_LANGUAGE_STANDARD = gnu11;
				GCC_NO_COMMON_BLOCKS = YES;
				GCC_WARN_64_TO_32_BIT_CONVERSION = YES;
				GCC_WARN_ABOUT_RETURN_TYPE = YES_ERROR;
				GCC_WARN_UNDECLARED_SELECTOR = YES;
				GCC_WARN_UNINITIALIZED_AUTOS = YES_AGGRESSIVE;
				GCC_WARN_UNUSED_FUNCTION = YES;
				GCC_WARN_UNUSED_VARIABLE = YES;
				IPHONEOS_DEPLOYMENT_TARGET = 11.2;
				MTL_ENABLE_DEBUG_INFO = NO;
				SDKROOT = iphoneos;
				SWIFT_OPTIMIZATION_LEVEL = "-Owholemodule";
				VALIDATE_PRODUCT = YES;
			};
			name = Release;
		};
		B05E957921002F5B007420B5 /* Debug */ = {
			isa = XCBuildConfiguration;
			buildSettings = {
				ASSETCATALOG_COMPILER_APPICON_NAME = AppIcon;
				CODE_SIGN_STYLE = Automatic;
				DEVELOPMENT_TEAM = CZSL76K4WK;
				INFOPLIST_FILE = contactsApp/Info.plist;
				LD_RUNPATH_SEARCH_PATHS = "$(inherited) @executable_path/Frameworks";
				PRODUCT_BUNDLE_IDENTIFIER = com.Enthusio.contactsApp;
				PRODUCT_NAME = "$(TARGET_NAME)";
				SWIFT_VERSION = 4.0;
				TARGETED_DEVICE_FAMILY = "1,2";
			};
			name = Debug;
		};
		B05E957A21002F5B007420B5 /* Release */ = {
			isa = XCBuildConfiguration;
			buildSettings = {
				ASSETCATALOG_COMPILER_APPICON_NAME = AppIcon;
				CODE_SIGN_STYLE = Automatic;
				DEVELOPMENT_TEAM = CZSL76K4WK;
				INFOPLIST_FILE = contactsApp/Info.plist;
				LD_RUNPATH_SEARCH_PATHS = "$(inherited) @executable_path/Frameworks";
				PRODUCT_BUNDLE_IDENTIFIER = com.Enthusio.contactsApp;
				PRODUCT_NAME = "$(TARGET_NAME)";
				SWIFT_VERSION = 4.0;
				TARGETED_DEVICE_FAMILY = "1,2";
			};
			name = Release;
		};
/* End XCBuildConfiguration section */

/* Begin XCConfigurationList section */
		B05E955E21002F5B007420B5 /* Build configuration list for PBXProject "contactsApp" */ = {
			isa = XCConfigurationList;
			buildConfigurations = (
				B05E957621002F5B007420B5 /* Debug */,
				B05E957721002F5B007420B5 /* Release */,
			);
			defaultConfigurationIsVisible = 0;
			defaultConfigurationName = Release;
		};
		B05E957821002F5B007420B5 /* Build configuration list for PBXNativeTarget "contactsApp" */ = {
			isa = XCConfigurationList;
			buildConfigurations = (
				B05E957921002F5B007420B5 /* Debug */,
				B05E957A21002F5B007420B5 /* Release */,
			);
			defaultConfigurationIsVisible = 0;
			defaultConfigurationName = Release;
		};
/* End XCConfigurationList section */

/* Begin XCVersionGroup section */
		B05E956D21002F5B007420B5 /* contactsApp.xcdatamodeld */ = {
			isa = XCVersionGroup;
			children = (
				B05E956E21002F5B007420B5 /* contactsApp.xcdatamodel */,
			);
			currentVersion = B05E956E21002F5B007420B5 /* contactsApp.xcdatamodel */;
			path = contactsApp.xcdatamodeld;
			sourceTree = "<group>";
			versionGroupType = wrapper.xcdatamodel;
		};
/* End XCVersionGroup section */
	};
	rootObject = B05E955B21002F5B007420B5 /* Project object */;
}
